Microsoft Visual Studio Solution File, Format Version 12.00
# Visual Studio Version 17
VisualStudioVersion = 17.5.2.0
MinimumVisualStudioVersion = 10.0.40219.1
Project("{2150E333-8FDC-42A3-9474-1A3956D46DE8}") = "Retos", "Retos", "{8C36FC64-A8EE-E995-7237-79F166906392}"
EndProject
Project("{2150E333-8FDC-42A3-9474-1A3956D46DE8}") = "00", "00", "{74C84ECC-63FC-75A1-23DB-D1CC0BF5F9B7}"
EndProject
Project("{FAE04EC0-301F-11D3-BF4B-00C04F79EFBC}") = "tebaah", "Retos\00\tebaah\tebaah.csproj", "{90865369-5AF6-6382-7E7F-C836EB192AE9}"
EndProject
Global
	GlobalSection(SolutionConfigurationPlatforms) = preSolution
		Debug|Any CPU = Debug|Any CPU
		Release|Any CPU = Release|Any CPU
	EndGlobalSection
	GlobalSection(ProjectConfigurationPlatforms) = postSolution
		{90865369-5AF6-6382-7E7F-C836EB192AE9}.Debug|Any CPU.ActiveCfg = Debug|Any CPU
		{90865369-5AF6-6382-7E7F-C836EB192AE9}.Debug|Any CPU.Build.0 = Debug|Any CPU
		{90865369-5AF6-6382-7E7F-C836EB192AE9}.Release|Any CPU.ActiveCfg = Release|Any CPU
		{90865369-5AF6-6382-7E7F-C836EB192AE9}.Release|Any CPU.Build.0 = Release|Any CPU
	EndGlobalSection
	GlobalSection(SolutionProperties) = preSolution
		HideSolutionNode = FALSE
	EndGlobalSection
	GlobalSection(NestedProjects) = preSolution
		{74C84ECC-63FC-75A1-23DB-D1CC0BF5F9B7} = {8C36FC64-A8EE-E995-7237-79F166906392}
		{90865369-5AF6-6382-7E7F-C836EB192AE9} = {74C84ECC-63FC-75A1-23DB-D1CC0BF5F9B7}
	EndGlobalSection
	GlobalSection(ExtensibilityGlobals) = postSolution
		SolutionGuid = {2386C63A-1FAE-4EFF-A6AF-C63951D7E746}
	EndGlobalSection
EndGlobal
